
Microsoft Visual Studio Solution File, Format Version 12.00
# Visual Studio 15
VisualStudioVersion = 15.0.27428.2037
MinimumVisualStudioVersion = 10.0.40219.1
Project("{9A19103F-16F7-4668-BE54-9A1E7A4F7556}") = "CodeAffinity.TestFuzzer", "CodeAffinity.TestFuzzer\CodeAffinity.TestFuzzer.csproj", "{C492346F-E901-4BFA-B35C-C3E50AB17827}"
EndProject
Project("{9A19103F-16F7-4668-BE54-9A1E7A4F7556}") = "CodeAffinity.TestFuzzer.UnitTest", "CodeAffinity.TestFuzzer.UnitTest\CodeAffinity.TestFuzzer.UnitTest.csproj", "{184482BE-E464-44EA-B0F6-63A3D4F8D4FE}"
EndProject
Global
	GlobalSection(SolutionConfigurationPlatforms) = preSolution
		Debug|Any CPU = Debug|Any CPU
		Release|Any CPU = Release|Any CPU
	EndGlobalSection
	GlobalSection(ProjectConfigurationPlatforms) = postSolution
		{C492346F-E901-4BFA-B35C-C3E50AB17827}.Debug|Any CPU.ActiveCfg = Debug|Any CPU
		{C492346F-E901-4BFA-B35C-C3E50AB17827}.Debug|Any CPU.Build.0 = Debug|Any CPU
		{C492346F-E901-4BFA-B35C-C3E50AB17827}.Release|Any CPU.ActiveCfg = Release|Any CPU
		{C492346F-E901-4BFA-B35C-C3E50AB17827}.Release|Any CPU.Build.0 = Release|Any CPU
		{184482BE-E464-44EA-B0F6-63A3D4F8D4FE}.Debug|Any CPU.ActiveCfg = Debug|Any CPU
		{184482BE-E464-44EA-B0F6-63A3D4F8D4FE}.Debug|Any CPU.Build.0 = Debug|Any CPU
		{184482BE-E464-44EA-B0F6-63A3D4F8D4FE}.Release|Any CPU.ActiveCfg = Release|Any CPU
		{184482BE-E464-44EA-B0F6-63A3D4F8D4FE}.Release|Any CPU.Build.0 = Release|Any CPU
	EndGlobalSection
	GlobalSection(SolutionProperties) = preSolution
		HideSolutionNode = FALSE
	EndGlobalSection
	GlobalSection(ExtensibilityGlobals) = postSolution
		SolutionGuid = {1CAEF653-801A-40C1-9EEC-5D5DA1CA046A}
	EndGlobalSection
EndGlobal
